
Microsoft Visual Studio Solution File, Format Version 12.00
# Visual Studio Version 17
VisualStudioVersion = 17.14.37111.16
MinimumVisualStudioVersion = 10.0.40219.1
Project("{FAE04EC0-301F-11D3-BF4B-00C04F79EFBC}") = "ServelLog", "ServelLog\ServelLog.csproj", "{AFF53180-035B-4792-9C2F-8FFD089FD5DB}"
EndProject
Global
	GlobalSection(SolutionConfigurationPlatforms) = preSolution
		Debug|Any CPU = Debug|Any CPU
		Release|Any CPU = Release|Any CPU
	EndGlobalSection
	GlobalSection(ProjectConfigurationPlatforms) = postSolution
		{AFF53180-035B-4792-9C2F-8FFD089FD5DB}.Debug|Any CPU.ActiveCfg = Debug|Any CPU
		{AFF53180-035B-4792-9C2F-8FFD089FD5DB}.Debug|Any CPU.Build.0 = Debug|Any CPU
		{AFF53180-035B-4792-9C2F-8FFD089FD5DB}.Release|Any CPU.ActiveCfg = Release|Any CPU
		{AFF53180-035B-4792-9C2F-8FFD089FD5DB}.Release|Any CPU.Build.0 = Release|Any CPU
	EndGlobalSection
	GlobalSection(SolutionProperties) = preSolution
		HideSolutionNode = FALSE
	EndGlobalSection
	GlobalSection(ExtensibilityGlobals) = postSolution
		SolutionGuid = {629CACD5-B242-4D62-AE9A-0595BE940757}
	EndGlobalSection
EndGlobal
